// !$*UTF8*$!
{
	archiveVersion = 1;
	classes = {
	};
	objectVersion = 55;
	objects = {

/* Begin PBXBuildFile section */
		13E2079727AC347100156ABD /* AppDelegate.swift in Sources */ = {isa = PBXBuildFile; fileRef = 13E2079627AC347100156ABD /* AppDelegate.swift */; };
		13E2079927AC347100156ABD /* SceneDelegate.swift in Sources */ = {isa = PBXBuildFile; fileRef = 13E2079827AC347100156ABD /* SceneDelegate.swift */; };
		13E2079B27AC347100156ABD /* ViewController.swift in Sources */ = {isa = PBXBuildFile; fileRef = 13E2079A27AC347100156ABD /* ViewController.swift */; };
		13E2079E27AC347100156ABD /* Main.storyboard in Resources */ = {isa = PBXBuildFile; fileRef = 13E2079C27AC347100156ABD /* Main.storyboard */; };
		13E207A027AC347500156ABD /* Assets.xcassets in Resources */ = {isa = PBXBuildFile; fileRef = 13E2079F27AC347500156ABD /* Assets.xcassets */; };
		13E207A327AC347500156ABD /* LaunchScreen.storyboard in Resources */ = {isa = PBXBuildFile; fileRef = 13E207A127AC347500156ABD /* LaunchScreen.storyboard */; };
		13E207AE27AC347600156ABD /* pokedeXIBTests.swift in Sources */ = {isa = PBXBuildFile; fileRef = 13E207AD27AC347600156ABD /* pokedeXIBTests.swift */; };
		13E207B827AC347600156ABD /* pokedeXIBUITests.swift in Sources */ = {isa = PBXBuildFile; fileRef = 13E207B727AC347600156ABD /* pokedeXIBUITests.swift */; };
		13E207BA27AC347600156ABD /* pokedeXIBUITestsLaunchTests.swift in Sources */ = {isa = PBXBuildFile; fileRef = 13E207B927AC347600156ABD /* pokedeXIBUITestsLaunchTests.swift */; };
		B4CEE32CFB89584CB58E206C /* Pods_pokedeXIB.framework in Frameworks */ = {isa = PBXBuildFile; fileRef = F7285FE8F97E9845674C9911 /* Pods_pokedeXIB.framework */; };
/* End PBXBuildFile section */

/* Begin PBXContainerItemProxy section */
		13E207AA27AC347600156ABD /* PBXContainerItemProxy */ = {
			isa = PBXContainerItemProxy;
			containerPortal = 13E2078B27AC347000156ABD /* Project object */;
			proxyType = 1;
			remoteGlobalIDString = 13E2079227AC347000156ABD;
			remoteInfo = pokedeXIB;
		};
		13E207B427AC347600156ABD /* PBXContainerItemProxy */ = {
			isa = PBXContainerItemProxy;
			containerPortal = 13E2078B27AC347000156ABD /* Project object */;
			proxyType = 1;
			remoteGlobalIDString = 13E2079227AC347000156ABD;
			remoteInfo = pokedeXIB;
		};
/* End PBXContainerItemProxy section */

/* Begin PBXFileReference section */
		13E2079327AC347100156ABD /* pokedeXIB.app */ = {isa = PBXFileReference; explicitFileType = wrapper.application; includeInIndex = 0; path = pokedeXIB.app; sourceTree = BUILT_PRODUCTS_DIR; };
		13E2079627AC347100156ABD /* AppDelegate.swift */ = {isa = PBXFileReference; lastKnownFileType = sourcecode.swift; path = AppDelegate.swift; sourceTree = "<group>"; };
		13E2079827AC347100156ABD /* SceneDelegate.swift */ = {isa = PBXFileReference; lastKnownFileType = sourcecode.swift; path = SceneDelegate.swift; sourceTree = "<group>"; };
		13E2079A27AC347100156ABD /* ViewController.swift */ = {isa = PBXFileReference; lastKnownFileType = sourcecode.swift; path = ViewController.swift; sourceTree = "<group>"; };
		13E2079D27AC347100156ABD /* Base */ = {isa = PBXFileReference; lastKnownFileType = file.storyboard; name = Base; path = Base.lproj/Main.storyboard; sourceTree = "<group>"; };
		13E2079F27AC347500156ABD /* Assets.xcassets */ = {isa = PBXFileReference; lastKnownFileType = folder.assetcatalog; path = Assets.xcassets; sourceTree = "<group>"; };
		13E207A227AC347500156ABD /* Base */ = {isa = PBXFileReference; lastKnownFileType = file.storyboard; name = Base; path = Base.lproj/LaunchScreen.storyboard; sourceTree = "<group>"; };
		13E207A427AC347500156ABD /* Info.plist */ = {isa = PBXFileReference; lastKnownFileType = text.plist.xml; path = Info.plist; sourceTree = "<group>"; };
		13E207A927AC347600156ABD /* pokedeXIBTests.xctest */ = {isa = PBXFileReference; explicitFileType = wrapper.cfbundle; includeInIndex = 0; path = pokedeXIBTests.xctest; sourceTree = BUILT_PRODUCTS_DIR; };
		13E207AD27AC347600156ABD /* pokedeXIBTests.swift */ = {isa = PBXFileReference; lastKnownFileType = sourcecode.swift; path = pokedeXIBTests.swift; sourceTree = "<group>"; };
		13E207B327AC347600156ABD /* pokedeXIBUITests.xctest */ = {isa = PBXFileReference; explicitFileType = wrapper.cfbundle; includeInIndex = 0; path = pokedeXIBUITests.xctest; sourceTree = BUILT_PRODUCTS_DIR; };
		13E207B727AC347600156ABD /* pokedeXIBUITests.swift */ = {isa = PBXFileReference; lastKnownFileType = sourcecode.swift; path = pokedeXIBUITests.swift; sourceTree = "<group>"; };
		13E207B927AC347600156ABD /* pokedeXIBUITestsLaunchTests.swift */ = {isa = PBXFileReference; lastKnownFileType = sourcecode.swift; path = pokedeXIBUITestsLaunchTests.swift; sourceTree = "<group>"; };
		E8EE8A959A1070DECEE3C3B4 /* Pods-pokedeXIB.debug.xcconfig */ = {isa = PBXFileReference; includeInIndex = 1; lastKnownFileType = text.xcconfig; name = "Pods-pokedeXIB.debug.xcconfig"; path = "Target Support Files/Pods-pokedeXIB/Pods-pokedeXIB.debug.xcconfig"; sourceTree = "<group>"; };
		EC5A04F1963C3976209F5CFC /* Pods-pokedeXIB.release.xcconfig */ = {isa = PBXFileReference; includeInIndex = 1; lastKnownFileType = text.xcconfig; name = "Pods-pokedeXIB.release.xcconfig"; path = "Target Support Files/Pods-pokedeXIB/Pods-pokedeXIB.release.xcconfig"; sourceTree = "<group>"; };
		F7285FE8F97E9845674C9911 /* Pods_pokedeXIB.framework */ = {isa = PBXFileReference; explicitFileType = wrapper.framework; includeInIndex = 0; path = Pods_pokedeXIB.framework; sourceTree = BUILT_PRODUCTS_DIR; };
/* End PBXFileReference section */

/* Begin PBXFrameworksBuildPhase section */
		13E2079027AC347000156ABD /* Frameworks */ = {
			isa = PBXFrameworksBuildPhase;
			buildActionMask = 2147483647;
			files = (
				B4CEE32CFB89584CB58E206C /* Pods_pokedeXIB.framework in Frameworks */,
			);
			runOnlyForDeploymentPostprocessing = 0;
		};
		13E207A627AC347600156ABD /* Frameworks */ = {
			isa = PBXFrameworksBuildPhase;
			buildActionMask = 2147483647;
			files = (
			);
			runOnlyForDeploymentPostprocessing = 0;
		};
		13E207B027AC347600156ABD /* Frameworks */ = {
			isa = PBXFrameworksBuildPhase;
			buildActionMask = 2147483647;
			files = (
			);
			runOnlyForDeploymentPostprocessing = 0;
		};
/* End PBXFrameworksBuildPhase section */

/* Begin PBXGroup section */
		13E2078A27AC347000156ABD = {
			isa = PBXGroup;
			children = (
				13E2079527AC347100156ABD /* pokedeXIB */,
				13E207AC27AC347600156ABD /* pokedeXIBTests */,
				13E207B627AC347600156ABD /* pokedeXIBUITests */,
				13E2079427AC347100156ABD /* Products */,
				E46450D0C15F038418CB0265 /* Pods */,
				ED2BB16F25D4CA860E11F57D /* Frameworks */,
			);
			sourceTree = "<group>";
		};
		13E2079427AC347100156ABD /* Products */ = {
			isa = PBXGroup;
			children = (
				13E2079327AC347100156ABD /* pokedeXIB.app */,
				13E207A927AC347600156ABD /* pokedeXIBTests.xctest */,
				13E207B327AC347600156ABD /* pokedeXIBUITests.xctest */,
			);
			name = Products;
			sourceTree = "<group>";
		};
		13E2079527AC347100156ABD /* pokedeXIB */ = {
			isa = PBXGroup;
			children = (
				13E2079627AC347100156ABD /* AppDelegate.swift */,
				13E2079827AC347100156ABD /* SceneDelegate.swift */,
				13E2079A27AC347100156ABD /* ViewController.swift */,
				13E2079C27AC347100156ABD /* Main.storyboard */,
				13E2079F27AC347500156ABD /* Assets.xcassets */,
				13E207A127AC347500156ABD /* LaunchScreen.storyboard */,
				13E207A427AC347500156ABD /* Info.plist */,
			);
			path = pokedeXIB;
			sourceTree = "<group>";
		};
		13E207AC27AC347600156ABD /* pokedeXIBTests */ = {
			isa = PBXGroup;
			children = (
				13E207AD27AC347600156ABD /* pokedeXIBTests.swift */,
			);
			path = pokedeXIBTests;
			sourceTree = "<group>";
		};
		13E207B627AC347600156ABD /* pokedeXIBUITests */ = {
			isa = PBXGroup;
			children = (
				13E207B727AC347600156ABD /* pokedeXIBUITests.swift */,
				13E207B927AC347600156ABD /* pokedeXIBUITestsLaunchTests.swift */,
			);
			path = pokedeXIBUITests;
			sourceTree = "<group>";
		};
		E46450D0C15F038418CB0265 /* Pods */ = {
			isa = PBXGroup;
			children = (
				E8EE8A959A1070DECEE3C3B4 /* Pods-pokedeXIB.debug.xcconfig */,
				EC5A04F1963C3976209F5CFC /* Pods-pokedeXIB.release.xcconfig */,
			);
			name = Pods;
			path = Pods;
			sourceTree = "<group>";
		};
		ED2BB16F25D4CA860E11F57D /* Frameworks */ = {
			isa = PBXGroup;
			children = (
				F7285FE8F97E9845674C9911 /* Pods_pokedeXIB.framework */,
			);
			name = Frameworks;
			sourceTree = "<group>";
		};
/* End PBXGroup section */

/* Begin PBXNativeTarget section */
		13E2079227AC347000156ABD /* pokedeXIB */ = {
			isa = PBXNativeTarget;
			buildConfigurationList = 13E207BD27AC347600156ABD /* Build configuration list for PBXNativeTarget "pokedeXIB" */;
			buildPhases = (
				FAA12C09382F6858CAEF0F23 /* [CP] Check Pods Manifest.lock */,
				13E2078F27AC347000156ABD /* Sources */,
				13E2079027AC347000156ABD /* Frameworks */,
				13E2079127AC347000156ABD /* Resources */,
				8258E962C3485E0B31862FC2 /* [CP] Embed Pods Frameworks */,
			);
			buildRules = (
			);
			dependencies = (
			);
			name = pokedeXIB;
			productName = pokedeXIB;
			productReference = 13E2079327AC347100156ABD /* pokedeXIB.app */;
			productType = "com.apple.product-type.application";
		};
		13E207A827AC347600156ABD /* pokedeXIBTests */ = {
			isa = PBXNativeTarget;
			buildConfigurationList = 13E207C027AC347600156ABD /* Build configuration list for PBXNativeTarget "pokedeXIBTests" */;
			buildPhases = (
				13E207A527AC347600156ABD /* Sources */,
				13E207A627AC347600156ABD /* Frameworks */,
				13E207A727AC347600156ABD /* Resources */,
			);
			buildRules = (
			);
			dependencies = (
				13E207AB27AC347600156ABD /* PBXTargetDependency */,
			);
			name = pokedeXIBTests;
			productName = pokedeXIBTests;
			productReference = 13E207A927AC347600156ABD /* pokedeXIBTests.xctest */;
			productType = "com.apple.product-type.bundle.unit-test";
		};
		13E207B227AC347600156ABD /* pokedeXIBUITests */ = {
			isa = PBXNativeTarget;
			buildConfigurationList = 13E207C327AC347600156ABD /* Build configuration list for PBXNativeTarget "pokedeXIBUITests" */;
			buildPhases = (
				13E207AF27AC347600156ABD /* Sources */,
				13E207B027AC347600156ABD /* Frameworks */,
				13E207B127AC347600156ABD /* Resources */,
			);
			buildRules = (
			);
			dependencies = (
				13E207B527AC347600156ABD /* PBXTargetDependency */,
			);
			name = pokedeXIBUITests;
			productName = pokedeXIBUITests;
			productReference = 13E207B327AC347600156ABD /* pokedeXIBUITests.xctest */;
			productType = "com.apple.product-type.bundle.ui-testing";
		};
/* End PBXNativeTarget section */

/* Begin PBXProject section */
		13E2078B27AC347000156ABD /* Project object */ = {
			isa = PBXProject;
			attributes = {
				BuildIndependentTargetsInParallel = 1;
				LastSwiftUpdateCheck = 1320;
				LastUpgradeCheck = 1320;
				TargetAttributes = {
					13E2079227AC347000156ABD = {
						CreatedOnToolsVersion = 13.2.1;
					};
					13E207A827AC347600156ABD = {
						CreatedOnToolsVersion = 13.2.1;
						TestTargetID = 13E2079227AC347000156ABD;
					};
					13E207B227AC347600156ABD = {
						CreatedOnToolsVersion = 13.2.1;
						TestTargetID = 13E2079227AC347000156ABD;
					};
				};
			};
			buildConfigurationList = 13E2078E27AC347000156ABD /* Build configuration list for PBXProject "pokedeXIB" */;
			compatibilityVersion = "Xcode 13.0";
			developmentRegion = en;
			hasScannedForEncodings = 0;
			knownRegions = (
				en,
				Base,
			);
			mainGroup = 13E2078A27AC347000156ABD;
			productRefGroup = 13E2079427AC347100156ABD /* Products */;
			projectDirPath = "";
			projectRoot = "";
			targets = (
				13E2079227AC347000156ABD /* pokedeXIB */,
				13E207A827AC347600156ABD /* pokedeXIBTests */,
				13E207B227AC347600156ABD /* pokedeXIBUITests */,
			);
		};
/* End PBXProject section */

/* Begin PBXResourcesBuildPhase section */
		13E2079127AC347000156ABD /* Resources */ = {
			isa = PBXResourcesBuildPhase;
			buildActionMask = 2147483647;
			files = (
				13E207A327AC347500156ABD /* LaunchScreen.storyboard in Resources */,
				13E207A027AC347500156ABD /* Assets.xcassets in Resources */,
				13E2079E27AC347100156ABD /* Main.storyboard in Resources */,
			);
			runOnlyForDeploymentPostprocessing = 0;
		};
		13E207A727AC347600156ABD /* Resources */ = {
			isa = PBXResourcesBuildPhase;
			buildActionMask = 2147483647;
			files = (
			);
			runOnlyForDeploymentPostprocessing = 0;
		};
		13E207B127AC347600156ABD /* Resources */ = {
			isa = PBXResourcesBuildPhase;
			buildActionMask = 2147483647;
			files = (
			);
			runOnlyForDeploymentPostprocessing = 0;
		};
/* End PBXResourcesBuildPhase section */

/* Begin PBXShellScriptBuildPhase section */
		8258E962C3485E0B31862FC2 /* [CP] Embed Pods Frameworks */ = {
			isa = PBXShellScriptBuildPhase;
			buildActionMask = 2147483647;
			files = (
			);
			inputFileListPaths = (
				"${PODS_ROOT}/Target Support Files/Pods-pokedeXIB/Pods-pokedeXIB-frameworks-${CONFIGURATION}-input-files.xcfilelist",
			);
			name = "[CP] Embed Pods Frameworks";
			outputFileListPaths = (
				"${PODS_ROOT}/Target Support Files/Pods-pokedeXIB/Pods-pokedeXIB-frameworks-${CONFIGURATION}-output-files.xcfilelist",
			);
			runOnlyForDeploymentPostprocessing = 0;
			shellPath = /bin/sh;
			shellScript = "\"${PODS_ROOT}/Target Support Files/Pods-pokedeXIB/Pods-pokedeXIB-frameworks.sh\"\n";
			showEnvVarsInLog = 0;
		};
		FAA12C09382F6858CAEF0F23 /* [CP] Check Pods Manifest.lock */ = {
			isa = PBXShellScriptBuildPhase;
			buildActionMask = 2147483647;
			files = (
			);
			inputFileListPaths = (
			);
			inputPaths = (
				"${PODS_PODFILE_DIR_PATH}/Podfile.lock",
				"${PODS_ROOT}/Manifest.lock",
			);
			name = "[CP] Check Pods Manifest.lock";
			outputFileListPaths = (
			);
			outputPaths = (
				"$(DERIVED_FILE_DIR)/Pods-pokedeXIB-checkManifestLockResult.txt",
			);
			runOnlyForDeploymentPostprocessing = 0;
			shellPath = /bin/sh;
			shellScript = "diff \"${PODS_PODFILE_DIR_PATH}/Podfile.lock\" \"${PODS_ROOT}/Manifest.lock\" > /dev/null\nif [ $? != 0 ] ; then\n    # print error to STDERR\n    echo \"error: The sandbox is not in sync with the Podfile.lock. Run 'pod install' or update your CocoaPods installation.\" >&2\n    exit 1\nfi\n# This output is used by Xcode 'outputs' to avoid re-running this script phase.\necho \"SUCCESS\" > \"${SCRIPT_OUTPUT_FILE_0}\"\n";
			showEnvVarsInLog = 0;
		};
/* End PBXShellScriptBuildPhase section */

/* Begin PBXSourcesBuildPhase section */
		13E2078F27AC347000156ABD /* Sources */ = {
			isa = PBXSourcesBuildPhase;
			buildActionMask = 2147483647;
			files = (
				13E2079B27AC347100156ABD /* ViewController.swift in Sources */,
				13E2079727AC347100156ABD /* AppDelegate.swift in Sources */,
				13E2079927AC347100156ABD /* SceneDelegate.swift in Sources */,
			);
			runOnlyForDeploymentPostprocessing = 0;
		};
		13E207A527AC347600156ABD /* Sources */ = {
			isa = PBXSourcesBuildPhase;
			buildActionMask = 2147483647;
			files = (
				13E207AE27AC347600156ABD /* pokedeXIBTests.swift in Sources */,
			);
			runOnlyForDeploymentPostprocessing = 0;
		};
		13E207AF27AC347600156ABD /* Sources */ = {
			isa = PBXSourcesBuildPhase;
			buildActionMask = 2147483647;
			files = (
				13E207BA27AC347600156ABD /* pokedeXIBUITestsLaunchTests.swift in Sources */,
				13E207B827AC347600156ABD /* pokedeXIBUITests.swift in Sources */,
			);
			runOnlyForDeploymentPostprocessing = 0;
		};
/* End PBXSourcesBuildPhase section */

/* Begin PBXTargetDependency section */
		13E207AB27AC347600156ABD /* PBXTargetDependency */ = {
			isa = PBXTargetDependency;
			target = 13E2079227AC347000156ABD /* pokedeXIB */;
			targetProxy = 13E207AA27AC347600156ABD /* PBXContainerItemProxy */;
		};
		13E207B527AC347600156ABD /* PBXTargetDependency */ = {
			isa = PBXTargetDependency;
			target = 13E2079227AC347000156ABD /* pokedeXIB */;
			targetProxy = 13E207B427AC347600156ABD /* PBXContainerItemProxy */;
		};
/* End PBXTargetDependency section */

/* Begin PBXVariantGroup section */
		13E2079C27AC347100156ABD /* Main.storyboard */ = {
			isa = PBXVariantGroup;
			children = (
				13E2079D27AC347100156ABD /* Base */,
			);
			name = Main.storyboard;
			sourceTree = "<group>";
		};
		13E207A127AC347500156ABD /* LaunchScreen.storyboard */ = {
			isa = PBXVariantGroup;
			children = (
				13E207A227AC347500156ABD /* Base */,
			);
			name = LaunchScreen.storyboard;
			sourceTree = "<group>";
		};
/* End PBXVariantGroup section */

/* Begin XCBuildConfiguration section */
		13E207BB27AC347600156ABD /* Debug */ = {
			isa = XCBuildConfiguration;
			buildSettings = {
				ALWAYS_SEARCH_USER_PATHS = NO;
				CLANG_ANALYZER_NONNULL = YES;
				CLANG_ANALYZER_NUMBER_OBJECT_CONVERSION = YES_AGGRESSIVE;
				CLANG_CXX_LANGUAGE_STANDARD = "gnu++17";
				CLANG_CXX_LIBRARY = "libc++";
				CLANG_ENABLE_MODULES = YES;
				CLANG_ENABLE_OBJC_ARC = YES;
				CLANG_ENABLE_OBJC_WEAK = YES;
				CLANG_WARN_BLOCK_CAPTURE_AUTORELEASING = YES;
				CLANG_WARN_BOOL_CONVERSION = YES;
				CLANG_WARN_COMMA = YES;
				CLANG_WARN_CONSTANT_CONVERSION = YES;
				CLANG_WARN_DEPRECATED_OBJC_IMPLEMENTATIONS = YES;
				CLANG_WARN_DIRECT_OBJC_ISA_USAGE = YES_ERROR;
				CLANG_WARN_DOCUMENTATION_COMMENTS = YES;
				CLANG_WARN_EMPTY_BODY = YES;
				CLANG_WARN_ENUM_CONVERSION = YES;
				CLANG_WARN_INFINITE_RECURSION = YES;
				CLANG_WARN_INT_CONVERSION = YES;
				CLANG_WARN_NON_LITERAL_NULL_CONVERSION = YES;
				CLANG_WARN_OBJC_IMPLICIT_RETAIN_SELF = YES;
				CLANG_WARN_OBJC_LITERAL_CONVERSION = YES;
				CLANG_WARN_OBJC_ROOT_CLASS = YES_ERROR;
				CLANG_WARN_QUOTED_INCLUDE_IN_FRAMEWORK_HEADER = YES;
				CLANG_WARN_RANGE_LOOP_ANALYSIS = YES;
				CLANG_WARN_STRICT_PROTOTYPES = YES;
				CLANG_WARN_SUSPICIOUS_MOVE = YES;
				CLANG_WARN_UNGUARDED_AVAILABILITY = YES_AGGRESSIVE;
				CLANG_WARN_UNREACHABLE_CODE = YES;
				CLANG_WARN__DUPLICATE_METHOD_MATCH = YES;
				COPY_PHASE_STRIP = NO;
				DEBUG_INFORMATION_FORMAT = dwarf;
				ENABLE_STRICT_OBJC_MSGSEND = YES;
				ENABLE_TESTABILITY = YES;
				GCC_C_LANGUAGE_STANDARD = gnu11;
				GCC_DYNAMIC_NO_PIC = NO;
				GCC_NO_COMMON_BLOCKS = YES;
				GCC_OPTIMIZATION_LEVEL = 0;
				GCC_PREPROCESSOR_DEFINITIONS = (
					"DEBUG=1",
					"$(inherited)",
				);
				GCC_WARN_64_TO_32_BIT_CONVERSION = YES;
				GCC_WARN_ABOUT_RETURN_TYPE = YES_ERROR;
				GCC_WARN_UNDECLARED_SELECTOR = YES;
				GCC_WARN_UNINITIALIZED_AUTOS = YES_AGGRESSIVE;
				GCC_WARN_UNUSED_FUNCTION = YES;
				GCC_WARN_UNUSED_VARIABLE = YES;
				IPHONEOS_DEPLOYMENT_TARGET = 15.2;
				MTL_ENABLE_DEBUG_INFO = INCLUDE_SOURCE;
				MTL_FAST_MATH = YES;
				ONLY_ACTIVE_ARCH = YES;
				SDKROOT = iphoneos;
				SWIFT_ACTIVE_COMPILATION_CONDITIONS = DEBUG;
				SWIFT_OPTIMIZATION_LEVEL = "-Onone";
			};
			name = Debug;
		};
		13E207BC27AC347600156ABD /* Release */ = {
			isa = XCBuildConfiguration;
			buildSettings = {
				ALWAYS_SEARCH_USER_PATHS = NO;
				CLANG_ANALYZER_NONNULL = YES;
				CLANG_ANALYZER_NUMBER_OBJECT_CONVERSION = YES_AGGRESSIVE;
				CLANG_CXX_LANGUAGE_STANDARD = "gnu++17";
				CLANG_CXX_LIBRARY = "libc++";
				CLANG_ENABLE_MODULES = YES;
				CLANG_ENABLE_OBJC_ARC = YES;
				CLANG_ENABLE_OBJC_WEAK = YES;
				CLANG_WARN_BLOCK_CAPTURE_AUTORELEASING = YES;
				CLANG_WARN_BOOL_CONVERSION = YES;
				CLANG_WARN_COMMA = YES;
				CLANG_WARN_CONSTANT_CONVERSION = YES;
				CLANG_WARN_DEPRECATED_OBJC_IMPLEMENTATIONS = YES;
				CLANG_WARN_DIRECT_OBJC_ISA_USAGE = YES_ERROR;
				CLANG_WARN_DOCUMENTATION_COMMENTS = YES;
				CLANG_WARN_EMPTY_BODY = YES;
				CLANG_WARN_ENUM_CONVERSION = YES;
				CLANG_WARN_INFINITE_RECURSION = YES;
				CLANG_WARN_INT_CONVERSION = YES;
				CLANG_WARN_NON_LITERAL_NULL_CONVERSION = YES;
				CLANG_WARN_OBJC_IMPLICIT_RETAIN_SELF = YES;
				CLANG_WARN_OBJC_LITERAL_CONVERSION = YES;
				CLANG_WARN_OBJC_ROOT_CLASS = YES_ERROR;
				CLANG_WARN_QUOTED_INCLUDE_IN_FRAMEWORK_HEADER = YES;
				CLANG_WARN_RANGE_LOOP_ANALYSIS = YES;
				CLANG_WARN_STRICT_PROTOTYPES = YES;
				CLANG_WARN_SUSPICIOUS_MOVE = YES;
				CLANG_WARN_UNGUARDED_AVAILABILITY = YES_AGGRESSIVE;
				CLANG_WARN_UNREACHABLE_CODE = YES;
				CLANG_WARN__DUPLICATE_METHOD_MATCH = YES;
				COPY_PHASE_STRIP = NO;
				DEBUG_INFORMATION_FORMAT = "dwarf-with-dsym";
				ENABLE_NS_ASSERTIONS = NO;
				ENABLE_STRICT_OBJC_MSGSEND = YES;
				GCC_C_LANGUAGE_STANDARD = gnu11;
				GCC_NO_COMMON_BLOCKS = YES;
				GCC_WARN_64_TO_32_BIT_CONVERSION = YES;
				GCC_WARN_ABOUT_RETURN_TYPE = YES_ERROR;
				GCC_WARN_UNDECLARED_SELECTOR = YES;
				GCC_WARN_UNINITIALIZED_AUTOS = YES_AGGRESSIVE;
				GCC_WARN_UNUSED_FUNCTION = YES;
				GCC_WARN_UNUSED_VARIABLE = YES;
				IPHONEOS_DEPLOYMENT_TARGET = 15.2;
				MTL_ENABLE_DEBUG_INFO = NO;
				MTL_FAST_MATH = YES;
				SDKROOT = iphoneos;
				SWIFT_COMPILATION_MODE = wholemodule;
				SWIFT_OPTIMIZATION_LEVEL = "-O";
				VALIDATE_PRODUCT = YES;
			};
			name = Release;
		};
		13E207BE27AC347600156ABD /* Debug */ = {
			isa = XCBuildConfiguration;
			baseConfigurationReference = E8EE8A959A1070DECEE3C3B4 /* Pods-pokedeXIB.debug.xcconfig */;
			buildSettings = {
				ASSETCATALOG_COMPILER_APPICON_NAME = AppIcon;
				ASSETCATALOG_COMPILER_GLOBAL_ACCENT_COLOR_NAME = AccentColor;
				CODE_SIGN_STYLE = Automatic;
				CURRENT_PROJECT_VERSION = 1;
				DEVELOPMENT_TEAM = 73QQZ22G85;
				GENERATE_INFOPLIST_FILE = YES;
				INFOPLIST_FILE = pokedeXIB/Info.plist;
				INFOPLIST_KEY_UIApplicationSupportsIndirectInputEvents = YES;
				INFOPLIST_KEY_UILaunchStoryboardName = LaunchScreen;
				INFOPLIST_KEY_UIMainStoryboardFile = Main;
				INFOPLIST_KEY_UISupportedInterfaceOrientations_iPad = "UIInterfaceOrientationPortrait UIInterfaceOrientationPortraitUpsideDown UIInterfaceOrientationLandscapeLeft UIInterfaceOrientationLandscapeRight";
				INFOPLIST_KEY_UISupportedInterfaceOrientations_iPhone = "UIInterfaceOrientationPortrait UIInterfaceOrientationLandscapeLeft UIInterfaceOrientationLandscapeRight";
				LD_RUNPATH_SEARCH_PATHS = (
					"$(inherited)",
					"@executable_path/Frameworks",
				);
				MARKETING_VERSION = 1.0;
				PRODUCT_BUNDLE_IDENTIFIER = invillia.pokedeXIB;
				PRODUCT_NAME = "$(TARGET_NAME)";
				SWIFT_EMIT_LOC_STRINGS = YES;
				SWIFT_VERSION = 5.0;
				TARGETED_DEVICE_FAMILY = "1,2";
			};
			name = Debug;
		};
		13E207BF27AC347600156ABD /* Release */ = {
			isa = XCBuildConfiguration;
			baseConfigurationReference = EC5A04F1963C3976209F5CFC /* Pods-pokedeXIB.release.xcconfig */;
			buildSettings = {
				ASSETCATALOG_COMPILER_APPICON_NAME = AppIcon;
				ASSETCATALOG_COMPILER_GLOBAL_ACCENT_COLOR_NAME = AccentColor;
				CODE_SIGN_STYLE = Automatic;
				CURRENT_PROJECT_VERSION = 1;
				DEVELOPMENT_TEAM = 73QQZ22G85;
				GENERATE_INFOPLIST_FILE = YES;
				INFOPLIST_FILE = pokedeXIB/Info.plist;
				INFOPLIST_KEY_UIApplicationSupportsIndirectInputEvents = YES;
				INFOPLIST_KEY_UILaunchStoryboardName = LaunchScreen;
				INFOPLIST_KEY_UIMainStoryboardFile = Main;
				INFOPLIST_KEY_UISupportedInterfaceOrientations_iPad = "UIInterfaceOrientationPortrait UIInterfaceOrientationPortraitUpsideDown UIInterfaceOrientationLandscapeLeft UIInterfaceOrientationLandscapeRight";
				INFOPLIST_KEY_UISupportedInterfaceOrientations_iPhone = "UIInterfaceOrientationPortrait UIInterfaceOrientationLandscapeLeft UIInterfaceOrientationLandscapeRight";
				LD_RUNPATH_SEARCH_PATHS = (
					"$(inherited)",
					"@executable_path/Frameworks",
				);
				MARKETING_VERSION = 1.0;
				PRODUCT_BUNDLE_IDENTIFIER = invillia.pokedeXIB;
				PRODUCT_NAME = "$(TARGET_NAME)";
				SWIFT_EMIT_LOC_STRINGS = YES;
				SWIFT_VERSION = 5.0;
				TARGETED_DEVICE_FAMILY = "1,2";
			};
			name = Release;
		};
		13E207C127AC347600156ABD /* Debug */ = {
			isa = XCBuildConfiguration;
			buildSettings = {
				ALWAYS_EMBED_SWIFT_STANDARD_LIBRARIES = YES;
				BUNDLE_LOADER = "$(TEST_HOST)";
				CODE_SIGN_STYLE = Automatic;
				CURRENT_PROJECT_VERSION = 1;
				DEVELOPMENT_TEAM = 73QQZ22G85;
				GENERATE_INFOPLIST_FILE = YES;
				IPHONEOS_DEPLOYMENT_TARGET = 15.2;
				MARKETING_VERSION = 1.0;
				PRODUCT_BUNDLE_IDENTIFIER = invillia.pokedeXIBTests;
				PRODUCT_NAME = "$(TARGET_NAME)";
				SWIFT_EMIT_LOC_STRINGS = NO;
				SWIFT_VERSION = 5.0;
				TARGETED_DEVICE_FAMILY = "1,2";
				TEST_HOST = "$(BUILT_PRODUCTS_DIR)/pokedeXIB.app/pokedeXIB";
			};
			name = Debug;
		};
		13E207C227AC347600156ABD /* Release */ = {
			isa = XCBuildConfiguration;
			buildSettings = {
				ALWAYS_EMBED_SWIFT_STANDARD_LIBRARIES = YES;
				BUNDLE_LOADER = "$(TEST_HOST)";
				CODE_SIGN_STYLE = Automatic;
				CURRENT_PROJECT_VERSION = 1;
				DEVELOPMENT_TEAM = 73QQZ22G85;
				GENERATE_INFOPLIST_FILE = YES;
				IPHONEOS_DEPLOYMENT_TARGET = 15.2;
				MARKETING_VERSION = 1.0;
				PRODUCT_BUNDLE_IDENTIFIER = invillia.pokedeXIBTests;
				PRODUCT_NAME = "$(TARGET_NAME)";
				SWIFT_EMIT_LOC_STRINGS = NO;
				SWIFT_VERSION = 5.0;
				TARGETED_DEVICE_FAMILY = "1,2";
				TEST_HOST = "$(BUILT_PRODUCTS_DIR)/pokedeXIB.app/pokedeXIB";
			};
			name = Release;
		};
		13E207C427AC347600156ABD /* Debug */ = {
			isa = XCBuildConfiguration;
			buildSettings = {
				ALWAYS_EMBED_SWIFT_STANDARD_LIBRARIES = YES;
				CODE_SIGN_STYLE = Automatic;
				CURRENT_PROJECT_VERSION = 1;
				DEVELOPMENT_TEAM = 73QQZ22G85;
				GENERATE_INFOPLIST_FILE = YES;
				MARKETING_VERSION = 1.0;
				PRODUCT_BUNDLE_IDENTIFIER = invillia.pokedeXIBUITests;
				PRODUCT_NAME = "$(TARGET_NAME)";
				SWIFT_EMIT_LOC_STRINGS = NO;
				SWIFT_VERSION = 5.0;
				TARGETED_DEVICE_FAMILY = "1,2";
				TEST_TARGET_NAME = pokedeXIB;
			};
			name = Debug;
		};
		13E207C527AC347600156ABD /* Release */ = {
			isa = XCBuildConfiguration;
			buildSettings = {
				ALWAYS_EMBED_SWIFT_STANDARD_LIBRARIES = YES;
				CODE_SIGN_STYLE = Automatic;
				CURRENT_PROJECT_VERSION = 1;
				DEVELOPMENT_TEAM = 73QQZ22G85;
				GENERATE_INFOPLIST_FILE = YES;
				MARKETING_VERSION = 1.0;
				PRODUCT_BUNDLE_IDENTIFIER = invillia.pokedeXIBUITests;
				PRODUCT_NAME = "$(TARGET_NAME)";
				SWIFT_EMIT_LOC_STRINGS = NO;
				SWIFT_VERSION = 5.0;
				TARGETED_DEVICE_FAMILY = "1,2";
				TEST_TARGET_NAME = pokedeXIB;
			};
			name = Release;
		};
/* End XCBuildConfiguration section */

/* Begin XCConfigurationList section */
		13E2078E27AC347000156ABD /* Build configuration list for PBXProject "pokedeXIB" */ = {
			isa = XCConfigurationList;
			buildConfigurations = (
				13E207BB27AC347600156ABD /* Debug */,
				13E207BC27AC347600156ABD /* Release */,
			);
			defaultConfigurationIsVisible = 0;
			defaultConfigurationName = Release;
		};
		13E207BD27AC347600156ABD /* Build configuration list for PBXNativeTarget "pokedeXIB" */ = {
			isa = XCConfigurationList;
			buildConfigurations = (
				13E207BE27AC347600156ABD /* Debug */,
				13E207BF27AC347600156ABD /* Release */,
			);
			defaultConfigurationIsVisible = 0;
			defaultConfigurationName = Release;
		};
		13E207C027AC347600156ABD /* Build configuration list for PBXNativeTarget "pokedeXIBTests" */ = {
			isa = XCConfigurationList;
			buildConfigurations = (
				13E207C127AC347600156ABD /* Debug */,
				13E207C227AC347600156ABD /* Release */,
			);
			defaultConfigurationIsVisible = 0;
			defaultConfigurationName = Release;
		};
		13E207C327AC347600156ABD /* Build configuration list for PBXNativeTarget "pokedeXIBUITests" */ = {
			isa = XCConfigurationList;
			buildConfigurations = (
				13E207C427AC347600156ABD /* Debug */,
				13E207C527AC347600156ABD /* Release */,
			);
			defaultConfigurationIsVisible = 0;
			defaultConfigurationName = Release;
		};
/* End XCConfigurationList section */
	};
	rootObject = 13E2078B27AC347000156ABD /* Project object */;
}
